// !$*UTF8*$!
{
	archiveVersion = 1;
	classes = {
	};
	objectVersion = 55;
	objects = {

/* Begin PBXBuildFile section */
		7CB7826E27C271A000872546 /* Hero in Frameworks */ = {isa = PBXBuildFile; productRef = 7CB7826D27C271A000872546 /* Hero */; };
		7CB7827127C2724300872546 /* Closures.swift in Sources */ = {isa = PBXBuildFile; fileRef = 7CB7827027C2724300872546 /* Closures.swift */; };
		E411BB9527D3498200C1BA60 /* ItemViewController.swift in Sources */ = {isa = PBXBuildFile; fileRef = 7CB7826827C2711400872546 /* ItemViewController.swift */; };
		E411BB9727D34BEE00C1BA60 /* PriceAndImageTableViewCell.swift in Sources */ = {isa = PBXBuildFile; fileRef = E411BB9627D34BEE00C1BA60 /* PriceAndImageTableViewCell.swift */; };
		E4186DDB27D5DF3B004E3FA3 /* PurchaseAndOfferTableViewCell.swift in Sources */ = {isa = PBXBuildFile; fileRef = E4186DDA27D5DF3B004E3FA3 /* PurchaseAndOfferTableViewCell.swift */; };
		E4186DDD27D5F7A9004E3FA3 /* SaleTableViewCell.swift in Sources */ = {isa = PBXBuildFile; fileRef = E4186DDC27D5F7A9004E3FA3 /* SaleTableViewCell.swift */; };
		E4186DDF27D601DA004E3FA3 /* HeaderTableViewCell.swift in Sources */ = {isa = PBXBuildFile; fileRef = E4186DDE27D601DA004E3FA3 /* HeaderTableViewCell.swift */; };
		E447CC0E27DDB3D7005065F9 /* converse_obj.obj in Resources */ = {isa = PBXBuildFile; fileRef = E447CC0927DDB3D6005065F9 /* converse_obj.obj */; };
		E447CC0F27DDB3D7005065F9 /* converse_bump.jpg in Resources */ = {isa = PBXBuildFile; fileRef = E447CC0A27DDB3D6005065F9 /* converse_bump.jpg */; };
		E447CC1027DDB3D7005065F9 /* converse_obj.mtl in Resources */ = {isa = PBXBuildFile; fileRef = E447CC0B27DDB3D6005065F9 /* converse_obj.mtl */; };
		E447CC1127DDB3D7005065F9 /* laces.jpg in Resources */ = {isa = PBXBuildFile; fileRef = E447CC0C27DDB3D6005065F9 /* laces.jpg */; };
		E447CC1227DDB3D7005065F9 /* converse.jpg in Resources */ = {isa = PBXBuildFile; fileRef = E447CC0D27DDB3D7005065F9 /* converse.jpg */; };
		E447CC1527DDB3DF005065F9 /* Squid_Games_Leader_mask.obj in Resources */ = {isa = PBXBuildFile; fileRef = E447CC1327DDB3DF005065F9 /* Squid_Games_Leader_mask.obj */; };
		E447CC1627DDB3DF005065F9 /* Squid_Games_Leader_mask.mtl in Resources */ = {isa = PBXBuildFile; fileRef = E447CC1427DDB3DF005065F9 /* Squid_Games_Leader_mask.mtl */; };
		E447CCF927B786BC0095CB91 /* AppDelegate.swift in Sources */ = {isa = PBXBuildFile; fileRef = E447CCF827B786BC0095CB91 /* AppDelegate.swift */; };
		E447CCFB27B786BC0095CB91 /* SceneDelegate.swift in Sources */ = {isa = PBXBuildFile; fileRef = E447CCFA27B786BC0095CB91 /* SceneDelegate.swift */; };
		E447CD0227B786BD0095CB91 /* Assets.xcassets in Resources */ = {isa = PBXBuildFile; fileRef = E447CD0127B786BD0095CB91 /* Assets.xcassets */; };
		E447CD0527B786BD0095CB91 /* LaunchScreen.storyboard in Resources */ = {isa = PBXBuildFile; fileRef = E447CD0327B786BD0095CB91 /* LaunchScreen.storyboard */; };
		E447CD1027B7875F0095CB91 /* HomeViewController.swift in Sources */ = {isa = PBXBuildFile; fileRef = E447CD0F27B7875F0095CB91 /* HomeViewController.swift */; };
		E447CD1327B788200095CB91 /* SnapKit in Frameworks */ = {isa = PBXBuildFile; productRef = E447CD1227B788200095CB91 /* SnapKit */; };
		E447CD1C27B78A2D0095CB91 /* ItemCollectionViewCell.swift in Sources */ = {isa = PBXBuildFile; fileRef = E447CD1B27B78A2D0095CB91 /* ItemCollectionViewCell.swift */; };
		E447CD2127B78F6E0095CB91 /* Item.swift in Sources */ = {isa = PBXBuildFile; fileRef = E447CD2027B78F6E0095CB91 /* Item.swift */; };
		E447CD2427B7A7A60095CB91 /* UIFont+Default+Rounded.swift in Sources */ = {isa = PBXBuildFile; fileRef = E447CD2327B7A7A60095CB91 /* UIFont+Default+Rounded.swift */; };
		E448AB8527D9CC48000DAB15 /* CompactItemCollectionViewDataSource.swift in Sources */ = {isa = PBXBuildFile; fileRef = E448AB8427D9CC48000DAB15 /* CompactItemCollectionViewDataSource.swift */; };
		E448AB8727D9CC84000DAB15 /* CompactItemCollectionViewCell.swift in Sources */ = {isa = PBXBuildFile; fileRef = E448AB8627D9CC84000DAB15 /* CompactItemCollectionViewCell.swift */; };
		E4605E2327D47A6E003B1276 /* OwnersAndFavoritesTableViewCell.swift in Sources */ = {isa = PBXBuildFile; fileRef = E4605E2227D47A6E003B1276 /* OwnersAndFavoritesTableViewCell.swift */; };
		E48363E627CF2D1C002F5B7B /* TabBarView.swift in Sources */ = {isa = PBXBuildFile; fileRef = E48363E527CF2D1C002F5B7B /* TabBarView.swift */; };
		E483804E27BFBF09008C686B /* Identifiers.swift in Sources */ = {isa = PBXBuildFile; fileRef = E483804D27BFBF09008C686B /* Identifiers.swift */; };
		E4A0FDA027BB8F7D0099EEDB /* UIColor+Hex.swift in Sources */ = {isa = PBXBuildFile; fileRef = E4A0FD9F27BB8F7D0099EEDB /* UIColor+Hex.swift */; };
		E4A0FDA227BB91470099EEDB /* UIColor+Additionals.swift in Sources */ = {isa = PBXBuildFile; fileRef = E4A0FDA127BB91470099EEDB /* UIColor+Additionals.swift */; };
		E4B0F08F27BCFC3F00965A17 /* HorizontalCollectionViewDataSource.swift in Sources */ = {isa = PBXBuildFile; fileRef = E4B0F08E27BCFC3F00965A17 /* HorizontalCollectionViewDataSource.swift */; };
		E4B0F09227BCFC8000965A17 /* CategoriesCollectionViewDataSource.swift in Sources */ = {isa = PBXBuildFile; fileRef = E4B0F09127BCFC8000965A17 /* CategoriesCollectionViewDataSource.swift */; };
		E4B1DB0927C9EA9900BF5ECF /* News.swift in Sources */ = {isa = PBXBuildFile; fileRef = E4B1DB0827C9EA9900BF5ECF /* News.swift */; };
		E4B1DB0B27C9ED5900BF5ECF /* NewsCollectionViewCell.swift in Sources */ = {isa = PBXBuildFile; fileRef = E4B1DB0A27C9ED5900BF5ECF /* NewsCollectionViewCell.swift */; };
		E4B1DB0C27C9F75D00BF5ECF /* NewsCollectionViewDataSource.swift in Sources */ = {isa = PBXBuildFile; fileRef = E4B1DB0627C9EA8500BF5ECF /* NewsCollectionViewDataSource.swift */; };
		E4B5189F27D5D41600577909 /* DescriptionTableViewCell.swift in Sources */ = {isa = PBXBuildFile; fileRef = E4B5189E27D5D41600577909 /* DescriptionTableViewCell.swift */; };
		E4B604D827C5068A004CB74B /* TableViewHeader.swift in Sources */ = {isa = PBXBuildFile; fileRef = E4B604D727C5068A004CB74B /* TableViewHeader.swift */; };
		E4C10DA927BCCED2002387DC /* CollectionTableViewCell.swift in Sources */ = {isa = PBXBuildFile; fileRef = E4C10DA827BCCED2002387DC /* CollectionTableViewCell.swift */; };
		E4C10DAB27BCCFB7002387DC /* CategoryCollectionViewCell.swift in Sources */ = {isa = PBXBuildFile; fileRef = E4C10DAA27BCCFB6002387DC /* CategoryCollectionViewCell.swift */; };
		E4C10DAD27BCD14F002387DC /* Category.swift in Sources */ = {isa = PBXBuildFile; fileRef = E4C10DAC27BCD14F002387DC /* Category.swift */; };
		E4CB75D627D1E992008294C0 /* Orbitron-Bold.ttf in Resources */ = {isa = PBXBuildFile; fileRef = E4CB75D527D1E992008294C0 /* Orbitron-Bold.ttf */; };
		E4D5F34927D88EFB00AEBDD1 /* ChartTableViewCell.swift in Sources */ = {isa = PBXBuildFile; fileRef = E4D5F34827D88EFB00AEBDD1 /* ChartTableViewCell.swift */; };
		E4D5F34C27D890F300AEBDD1 /* Charts in Frameworks */ = {isa = PBXBuildFile; productRef = E4D5F34B27D890F300AEBDD1 /* Charts */; };
		E4E2366427DA4906001FAED1 /* Parallax.swift in Sources */ = {isa = PBXBuildFile; fileRef = E4E2366327DA4906001FAED1 /* Parallax.swift */; };
		E4ECCDBA27BE3EDB0050A6CF /* ItemsCollectionViewDataSource.swift in Sources */ = {isa = PBXBuildFile; fileRef = E4ECCDB927BE3EDB0050A6CF /* ItemsCollectionViewDataSource.swift */; };
/* End PBXBuildFile section */

/* Begin PBXFileReference section */
		7CB7826827C2711400872546 /* ItemViewController.swift */ = {isa = PBXFileReference; lastKnownFileType = sourcecode.swift; path = ItemViewController.swift; sourceTree = "<group>"; };
		7CB7827027C2724300872546 /* Closures.swift */ = {isa = PBXFileReference; lastKnownFileType = sourcecode.swift; path = Closures.swift; sourceTree = "<group>"; };
		E411BB9627D34BEE00C1BA60 /* PriceAndImageTableViewCell.swift */ = {isa = PBXFileReference; lastKnownFileType = sourcecode.swift; path = PriceAndImageTableViewCell.swift; sourceTree = "<group>"; };
		E4186DDA27D5DF3B004E3FA3 /* PurchaseAndOfferTableViewCell.swift */ = {isa = PBXFileReference; lastKnownFileType = sourcecode.swift; path = PurchaseAndOfferTableViewCell.swift; sourceTree = "<group>"; };
		E4186DDC27D5F7A9004E3FA3 /* SaleTableViewCell.swift */ = {isa = PBXFileReference; lastKnownFileType = sourcecode.swift; path = SaleTableViewCell.swift; sourceTree = "<group>"; };
		E4186DDE27D601DA004E3FA3 /* HeaderTableViewCell.swift */ = {isa = PBXFileReference; lastKnownFileType = sourcecode.swift; path = HeaderTableViewCell.swift; sourceTree = "<group>"; };
		E447CC0927DDB3D6005065F9 /* converse_obj.obj */ = {isa = PBXFileReference; fileEncoding = 4; lastKnownFileType = text; path = converse_obj.obj; sourceTree = "<group>"; };
		E447CC0A27DDB3D6005065F9 /* converse_bump.jpg */ = {isa = PBXFileReference; lastKnownFileType = image.jpeg; path = converse_bump.jpg; sourceTree = "<group>"; };
		E447CC0B27DDB3D6005065F9 /* converse_obj.mtl */ = {isa = PBXFileReference; fileEncoding = 4; lastKnownFileType = text; path = converse_obj.mtl; sourceTree = "<group>"; };
		E447CC0C27DDB3D6005065F9 /* laces.jpg */ = {isa = PBXFileReference; lastKnownFileType = image.jpeg; path = laces.jpg; sourceTree = "<group>"; };
		E447CC0D27DDB3D7005065F9 /* converse.jpg */ = {isa = PBXFileReference; lastKnownFileType = image.jpeg; path = converse.jpg; sourceTree = "<group>"; };
		E447CC1327DDB3DF005065F9 /* Squid_Games_Leader_mask.obj */ = {isa = PBXFileReference; fileEncoding = 4; lastKnownFileType = text; path = Squid_Games_Leader_mask.obj; sourceTree = "<group>"; };
		E447CC1427DDB3DF005065F9 /* Squid_Games_Leader_mask.mtl */ = {isa = PBXFileReference; fileEncoding = 4; lastKnownFileType = text; path = Squid_Games_Leader_mask.mtl; sourceTree = "<group>"; };
		E447CCF527B786BC0095CB91 /* Meta Ryders.app */ = {isa = PBXFileReference; explicitFileType = wrapper.application; includeInIndex = 0; path = "Meta Ryders.app"; sourceTree = BUILT_PRODUCTS_DIR; };
		E447CCF827B786BC0095CB91 /* AppDelegate.swift */ = {isa = PBXFileReference; lastKnownFileType = sourcecode.swift; path = AppDelegate.swift; sourceTree = "<group>"; };
		E447CCFA27B786BC0095CB91 /* SceneDelegate.swift */ = {isa = PBXFileReference; lastKnownFileType = sourcecode.swift; path = SceneDelegate.swift; sourceTree = "<group>"; };
		E447CD0127B786BD0095CB91 /* Assets.xcassets */ = {isa = PBXFileReference; lastKnownFileType = folder.assetcatalog; path = Assets.xcassets; sourceTree = "<group>"; };
		E447CD0427B786BD0095CB91 /* Base */ = {isa = PBXFileReference; lastKnownFileType = file.storyboard; name = Base; path = Base.lproj/LaunchScreen.storyboard; sourceTree = "<group>"; };
		E447CD0627B786BD0095CB91 /* Info.plist */ = {isa = PBXFileReference; lastKnownFileType = text.plist.xml; path = Info.plist; sourceTree = "<group>"; };
		E447CD0F27B7875F0095CB91 /* HomeViewController.swift */ = {isa = PBXFileReference; lastKnownFileType = sourcecode.swift; path = HomeViewController.swift; sourceTree = "<group>"; };
		E447CD1B27B78A2D0095CB91 /* ItemCollectionViewCell.swift */ = {isa = PBXFileReference; lastKnownFileType = sourcecode.swift; path = ItemCollectionViewCell.swift; sourceTree = "<group>"; };
		E447CD2027B78F6E0095CB91 /* Item.swift */ = {isa = PBXFileReference; lastKnownFileType = sourcecode.swift; path = Item.swift; sourceTree = "<group>"; };
		E447CD2327B7A7A60095CB91 /* UIFont+Default+Rounded.swift */ = {isa = PBXFileReference; lastKnownFileType = sourcecode.swift; path = "UIFont+Default+Rounded.swift"; sourceTree = "<group>"; };
		E448AB8427D9CC48000DAB15 /* CompactItemCollectionViewDataSource.swift */ = {isa = PBXFileReference; lastKnownFileType = sourcecode.swift; path = CompactItemCollectionViewDataSource.swift; sourceTree = "<group>"; };
		E448AB8627D9CC84000DAB15 /* CompactItemCollectionViewCell.swift */ = {isa = PBXFileReference; lastKnownFileType = sourcecode.swift; path = CompactItemCollectionViewCell.swift; sourceTree = "<group>"; };
		E4605E2227D47A6E003B1276 /* OwnersAndFavoritesTableViewCell.swift */ = {isa = PBXFileReference; lastKnownFileType = sourcecode.swift; path = OwnersAndFavoritesTableViewCell.swift; sourceTree = "<group>"; };
		E48363E527CF2D1C002F5B7B /* TabBarView.swift */ = {isa = PBXFileReference; lastKnownFileType = sourcecode.swift; path = TabBarView.swift; sourceTree = "<group>"; };
		E483804D27BFBF09008C686B /* Identifiers.swift */ = {isa = PBXFileReference; lastKnownFileType = sourcecode.swift; path = Identifiers.swift; sourceTree = "<group>"; };
		E4A0FD9F27BB8F7D0099EEDB /* UIColor+Hex.swift */ = {isa = PBXFileReference; lastKnownFileType = sourcecode.swift; path = "UIColor+Hex.swift"; sourceTree = "<group>"; };
		E4A0FDA127BB91470099EEDB /* UIColor+Additionals.swift */ = {isa = PBXFileReference; lastKnownFileType = sourcecode.swift; path = "UIColor+Additionals.swift"; sourceTree = "<group>"; };
		E4B0F08E27BCFC3F00965A17 /* HorizontalCollectionViewDataSource.swift */ = {isa = PBXFileReference; lastKnownFileType = sourcecode.swift; path = HorizontalCollectionViewDataSource.swift; sourceTree = "<group>"; };
		E4B0F09127BCFC8000965A17 /* CategoriesCollectionViewDataSource.swift */ = {isa = PBXFileReference; lastKnownFileType = sourcecode.swift; path = CategoriesCollectionViewDataSource.swift; sourceTree = "<group>"; };
		E4B1DB0627C9EA8500BF5ECF /* NewsCollectionViewDataSource.swift */ = {isa = PBXFileReference; lastKnownFileType = sourcecode.swift; path = NewsCollectionViewDataSource.swift; sourceTree = "<group>"; };
		E4B1DB0827C9EA9900BF5ECF /* News.swift */ = {isa = PBXFileReference; lastKnownFileType = sourcecode.swift; path = News.swift; sourceTree = "<group>"; };
		E4B1DB0A27C9ED5900BF5ECF /* NewsCollectionViewCell.swift */ = {isa = PBXFileReference; lastKnownFileType = sourcecode.swift; path = NewsCollectionViewCell.swift; sourceTree = "<group>"; };
		E4B5189E27D5D41600577909 /* DescriptionTableViewCell.swift */ = {isa = PBXFileReference; lastKnownFileType = sourcecode.swift; path = DescriptionTableViewCell.swift; sourceTree = "<group>"; };
		E4B604D727C5068A004CB74B /* TableViewHeader.swift */ = {isa = PBXFileReference; lastKnownFileType = sourcecode.swift; path = TableViewHeader.swift; sourceTree = "<group>"; };
		E4C10DA827BCCED2002387DC /* CollectionTableViewCell.swift */ = {isa = PBXFileReference; lastKnownFileType = sourcecode.swift; path = CollectionTableViewCell.swift; sourceTree = "<group>"; };
		E4C10DAA27BCCFB6002387DC /* CategoryCollectionViewCell.swift */ = {isa = PBXFileReference; lastKnownFileType = sourcecode.swift; path = CategoryCollectionViewCell.swift; sourceTree = "<group>"; };
		E4C10DAC27BCD14F002387DC /* Category.swift */ = {isa = PBXFileReference; lastKnownFileType = sourcecode.swift; path = Category.swift; sourceTree = "<group>"; };
		E4CB75D527D1E992008294C0 /* Orbitron-Bold.ttf */ = {isa = PBXFileReference; lastKnownFileType = file; path = "Orbitron-Bold.ttf"; sourceTree = "<group>"; };
		E4D5F34827D88EFB00AEBDD1 /* ChartTableViewCell.swift */ = {isa = PBXFileReference; lastKnownFileType = sourcecode.swift; path = ChartTableViewCell.swift; sourceTree = "<group>"; };
		E4E2366327DA4906001FAED1 /* Parallax.swift */ = {isa = PBXFileReference; lastKnownFileType = sourcecode.swift; path = Parallax.swift; sourceTree = "<group>"; };
		E4ECCDB927BE3EDB0050A6CF /* ItemsCollectionViewDataSource.swift */ = {isa = PBXFileReference; lastKnownFileType = sourcecode.swift; path = ItemsCollectionViewDataSource.swift; sourceTree = "<group>"; };
/* End PBXFileReference section */

/* Begin PBXFrameworksBuildPhase section */
		E447CCF227B786BC0095CB91 /* Frameworks */ = {
			isa = PBXFrameworksBuildPhase;
			buildActionMask = 2147483647;
			files = (
				7CB7826E27C271A000872546 /* Hero in Frameworks */,
				E4D5F34C27D890F300AEBDD1 /* Charts in Frameworks */,
				E447CD1327B788200095CB91 /* SnapKit in Frameworks */,
			);
			runOnlyForDeploymentPostprocessing = 0;
		};
/* End PBXFrameworksBuildPhase section */

/* Begin PBXGroup section */
		7CB7826727C270BF00872546 /* ItemViewController */ = {
			isa = PBXGroup;
			children = (
				7CB7826827C2711400872546 /* ItemViewController.swift */,
			);
			path = ItemViewController;
			sourceTree = "<group>";
		};
		7CB7826F27C2723B00872546 /* Typealiases */ = {
			isa = PBXGroup;
			children = (
				7CB7827027C2724300872546 /* Closures.swift */,
			);
			path = Typealiases;
			sourceTree = "<group>";
		};
		E447CBFB27DDB382005065F9 /* Objects */ = {
			isa = PBXGroup;
			children = (
				E447CBFE27DDB39E005065F9 /* Leader_Mask */,
				E447CBFC27DDB38B005065F9 /* Converse_obj */,
			);
			path = Objects;
			sourceTree = "<group>";
		};
		E447CBFC27DDB38B005065F9 /* Converse_obj */ = {
			isa = PBXGroup;
			children = (
				E447CC0A27DDB3D6005065F9 /* converse_bump.jpg */,
				E447CC0B27DDB3D6005065F9 /* converse_obj.mtl */,
				E447CC0927DDB3D6005065F9 /* converse_obj.obj */,
				E447CC0D27DDB3D7005065F9 /* converse.jpg */,
				E447CC0C27DDB3D6005065F9 /* laces.jpg */,
			);
			path = Converse_obj;
			sourceTree = "<group>";
		};
		E447CBFE27DDB39E005065F9 /* Leader_Mask */ = {
			isa = PBXGroup;
			children = (
				E447CC1427DDB3DF005065F9 /* Squid_Games_Leader_mask.mtl */,
				E447CC1327DDB3DF005065F9 /* Squid_Games_Leader_mask.obj */,
			);
			path = Leader_Mask;
			sourceTree = "<group>";
		};
		E447CCEC27B786BC0095CB91 = {
			isa = PBXGroup;
			children = (
				E447CCF727B786BC0095CB91 /* Meta Ryders */,
				E447CCF627B786BC0095CB91 /* Products */,
			);
			sourceTree = "<group>";
		};
		E447CCF627B786BC0095CB91 /* Products */ = {
			isa = PBXGroup;
			children = (
				E447CCF527B786BC0095CB91 /* Meta Ryders.app */,
			);
			name = Products;
			sourceTree = "<group>";
		};
		E447CCF727B786BC0095CB91 /* Meta Ryders */ = {
			isa = PBXGroup;
			children = (
				E4B0F09027BCFC6400965A17 /* DataSources */,
				E4B0F08D27BCFC2600965A17 /* Protocols */,
				E447CD0D27B7873B0095CB91 /* ViewControllers */,
				E447CD1427B7897F0095CB91 /* CustomViews */,
				E447CD1F27B78F630095CB91 /* Models */,
				E447CBFB27DDB382005065F9 /* Objects */,
				E447CD0C27B787030095CB91 /* Delegates */,
				E447CD2227B7A7840095CB91 /* Extensions */,
				7CB7826F27C2723B00872546 /* Typealiases */,
				E447CD0127B786BD0095CB91 /* Assets.xcassets */,
				E4CB75D427D1E96A008294C0 /* Fonts */,
				E447CD0327B786BD0095CB91 /* LaunchScreen.storyboard */,
				E447CD0627B786BD0095CB91 /* Info.plist */,
				E4E2366327DA4906001FAED1 /* Parallax.swift */,
			);
			path = "Meta Ryders";
			sourceTree = "<group>";
		};
		E447CD0C27B787030095CB91 /* Delegates */ = {
			isa = PBXGroup;
			children = (
				E447CCF827B786BC0095CB91 /* AppDelegate.swift */,
				E447CCFA27B786BC0095CB91 /* SceneDelegate.swift */,
			);
			path = Delegates;
			sourceTree = "<group>";
		};
		E447CD0D27B7873B0095CB91 /* ViewControllers */ = {
			isa = PBXGroup;
			children = (
				E447CD0E27B787450095CB91 /* HomeViewController */,
				7CB7826727C270BF00872546 /* ItemViewController */,
			);
			path = ViewControllers;
			sourceTree = "<group>";
		};
		E447CD0E27B787450095CB91 /* HomeViewController */ = {
			isa = PBXGroup;
			children = (
				E447CD0F27B7875F0095CB91 /* HomeViewController.swift */,
			);
			path = HomeViewController;
			sourceTree = "<group>";
		};
		E447CD1427B7897F0095CB91 /* CustomViews */ = {
			isa = PBXGroup;
			children = (
				E48363E427CF2CDE002F5B7B /* TabBar */,
				E4B604D427C50464004CB74B /* Headers */,
				E447CD1827B789DA0095CB91 /* CollectionViewCells */,
				E447CD1727B789CD0095CB91 /* TableViewCells */,
			);
			path = CustomViews;
			sourceTree = "<group>";
		};
		E447CD1727B789CD0095CB91 /* TableViewCells */ = {
			isa = PBXGroup;
			children = (
				E4C10DA827BCCED2002387DC /* CollectionTableViewCell.swift */,
				E411BB9627D34BEE00C1BA60 /* PriceAndImageTableViewCell.swift */,
				E4605E2227D47A6E003B1276 /* OwnersAndFavoritesTableViewCell.swift */,
				E4B5189E27D5D41600577909 /* DescriptionTableViewCell.swift */,
				E4186DDA27D5DF3B004E3FA3 /* PurchaseAndOfferTableViewCell.swift */,
				E4186DDC27D5F7A9004E3FA3 /* SaleTableViewCell.swift */,
				E4186DDE27D601DA004E3FA3 /* HeaderTableViewCell.swift */,
				E4D5F34827D88EFB00AEBDD1 /* ChartTableViewCell.swift */,
			);
			path = TableViewCells;
			sourceTree = "<group>";
		};
		E447CD1827B789DA0095CB91 /* CollectionViewCells */ = {
			isa = PBXGroup;
			children = (
				E447CD1B27B78A2D0095CB91 /* ItemCollectionViewCell.swift */,
				E4C10DAA27BCCFB6002387DC /* CategoryCollectionViewCell.swift */,
				E4B1DB0A27C9ED5900BF5ECF /* NewsCollectionViewCell.swift */,
				E448AB8627D9CC84000DAB15 /* CompactItemCollectionViewCell.swift */,
			);
			path = CollectionViewCells;
			sourceTree = "<group>";
		};
		E447CD1F27B78F630095CB91 /* Models */ = {
			isa = PBXGroup;
			children = (
				E447CD2027B78F6E0095CB91 /* Item.swift */,
				E4C10DAC27BCD14F002387DC /* Category.swift */,
				E4B1DB0827C9EA9900BF5ECF /* News.swift */,
			);
			path = Models;
			sourceTree = "<group>";
		};
		E447CD2227B7A7840095CB91 /* Extensions */ = {
			isa = PBXGroup;
			children = (
				E447CD2327B7A7A60095CB91 /* UIFont+Default+Rounded.swift */,
				E4A0FD9F27BB8F7D0099EEDB /* UIColor+Hex.swift */,
				E4A0FDA127BB91470099EEDB /* UIColor+Additionals.swift */,
				E483804D27BFBF09008C686B /* Identifiers.swift */,
			);
			path = Extensions;
			sourceTree = "<group>";
		};
		E48363E427CF2CDE002F5B7B /* TabBar */ = {
			isa = PBXGroup;
			children = (
				E48363E527CF2D1C002F5B7B /* TabBarView.swift */,
			);
			path = TabBar;
			sourceTree = "<group>";
		};
		E4B0F08D27BCFC2600965A17 /* Protocols */ = {
			isa = PBXGroup;
			children = (
				E4B0F08E27BCFC3F00965A17 /* HorizontalCollectionViewDataSource.swift */,
			);
			path = Protocols;
			sourceTree = "<group>";
		};
		E4B0F09027BCFC6400965A17 /* DataSources */ = {
			isa = PBXGroup;
			children = (
				E4ECCDB927BE3EDB0050A6CF /* ItemsCollectionViewDataSource.swift */,
				E4B0F09127BCFC8000965A17 /* CategoriesCollectionViewDataSource.swift */,
				E4B1DB0627C9EA8500BF5ECF /* NewsCollectionViewDataSource.swift */,
				E448AB8427D9CC48000DAB15 /* CompactItemCollectionViewDataSource.swift */,
			);
			path = DataSources;
			sourceTree = "<group>";
		};
		E4B604D427C50464004CB74B /* Headers */ = {
			isa = PBXGroup;
			children = (
				E4B604D727C5068A004CB74B /* TableViewHeader.swift */,
			);
			path = Headers;
			sourceTree = "<group>";
		};
		E4CB75D427D1E96A008294C0 /* Fonts */ = {
			isa = PBXGroup;
			children = (
				E4CB75D527D1E992008294C0 /* Orbitron-Bold.ttf */,
			);
			path = Fonts;
			sourceTree = "<group>";
		};
/* End PBXGroup section */

/* Begin PBXNativeTarget section */
		E447CCF427B786BC0095CB91 /* Meta Ryders */ = {
			isa = PBXNativeTarget;
			buildConfigurationList = E447CD0927B786BD0095CB91 /* Build configuration list for PBXNativeTarget "Meta Ryders" */;
			buildPhases = (
				E447CCF127B786BC0095CB91 /* Sources */,
				E447CCF227B786BC0095CB91 /* Frameworks */,
				E447CCF327B786BC0095CB91 /* Resources */,
			);
			buildRules = (
			);
			dependencies = (
			);
			name = "Meta Ryders";
			packageProductDependencies = (
				E447CD1227B788200095CB91 /* SnapKit */,
				7CB7826D27C271A000872546 /* Hero */,
				E4D5F34B27D890F300AEBDD1 /* Charts */,
			);
			productName = "Meta Ryders";
			productReference = E447CCF527B786BC0095CB91 /* Meta Ryders.app */;
			productType = "com.apple.product-type.application";
		};
/* End PBXNativeTarget section */

/* Begin PBXProject section */
		E447CCED27B786BC0095CB91 /* Project object */ = {
			isa = PBXProject;
			attributes = {
				BuildIndependentTargetsInParallel = 1;
				LastSwiftUpdateCheck = 1320;
				LastUpgradeCheck = 1320;
				TargetAttributes = {
					E447CCF427B786BC0095CB91 = {
						CreatedOnToolsVersion = 13.2.1;
					};
				};
			};
			buildConfigurationList = E447CCF027B786BC0095CB91 /* Build configuration list for PBXProject "Meta Ryders" */;
			compatibilityVersion = "Xcode 13.0";
			developmentRegion = en;
			hasScannedForEncodings = 0;
			knownRegions = (
				en,
				Base,
			);
			mainGroup = E447CCEC27B786BC0095CB91;
			packageReferences = (
				E447CD1127B788200095CB91 /* XCRemoteSwiftPackageReference "SnapKit" */,
				7CB7826C27C271A000872546 /* XCRemoteSwiftPackageReference "Hero" */,
				E4D5F34A27D890F300AEBDD1 /* XCRemoteSwiftPackageReference "Charts" */,
			);
			productRefGroup = E447CCF627B786BC0095CB91 /* Products */;
			projectDirPath = "";
			projectRoot = "";
			targets = (
				E447CCF427B786BC0095CB91 /* Meta Ryders */,
			);
		};
/* End PBXProject section */

/* Begin PBXResourcesBuildPhase section */
		E447CCF327B786BC0095CB91 /* Resources */ = {
			isa = PBXResourcesBuildPhase;
			buildActionMask = 2147483647;
			files = (
				E447CC1227DDB3D7005065F9 /* converse.jpg in Resources */,
				E447CC1627DDB3DF005065F9 /* Squid_Games_Leader_mask.mtl in Resources */,
				E447CC0E27DDB3D7005065F9 /* converse_obj.obj in Resources */,
				E447CD0527B786BD0095CB91 /* LaunchScreen.storyboard in Resources */,
				E447CC0F27DDB3D7005065F9 /* converse_bump.jpg in Resources */,
				E447CD0227B786BD0095CB91 /* Assets.xcassets in Resources */,
				E447CC1527DDB3DF005065F9 /* Squid_Games_Leader_mask.obj in Resources */,
				E447CC1127DDB3D7005065F9 /* laces.jpg in Resources */,
				E447CC1027DDB3D7005065F9 /* converse_obj.mtl in Resources */,
				E4CB75D627D1E992008294C0 /* Orbitron-Bold.ttf in Resources */,
			);
			runOnlyForDeploymentPostprocessing = 0;
		};
/* End PBXResourcesBuildPhase section */

/* Begin PBXSourcesBuildPhase section */
		E447CCF127B786BC0095CB91 /* Sources */ = {
			isa = PBXSourcesBuildPhase;
			buildActionMask = 2147483647;
			files = (
				E4A0FDA027BB8F7D0099EEDB /* UIColor+Hex.swift in Sources */,
				E448AB8527D9CC48000DAB15 /* CompactItemCollectionViewDataSource.swift in Sources */,
				E4B0F09227BCFC8000965A17 /* CategoriesCollectionViewDataSource.swift in Sources */,
				E4A0FDA227BB91470099EEDB /* UIColor+Additionals.swift in Sources */,
				E411BB9527D3498200C1BA60 /* ItemViewController.swift in Sources */,
				E4B1DB0B27C9ED5900BF5ECF /* NewsCollectionViewCell.swift in Sources */,
				E4B604D827C5068A004CB74B /* TableViewHeader.swift in Sources */,
				E4D5F34927D88EFB00AEBDD1 /* ChartTableViewCell.swift in Sources */,
				E411BB9727D34BEE00C1BA60 /* PriceAndImageTableViewCell.swift in Sources */,
				E447CD1C27B78A2D0095CB91 /* ItemCollectionViewCell.swift in Sources */,
				E447CCF927B786BC0095CB91 /* AppDelegate.swift in Sources */,
				E4B1DB0927C9EA9900BF5ECF /* News.swift in Sources */,
				E4C10DA927BCCED2002387DC /* CollectionTableViewCell.swift in Sources */,
				E447CCFB27B786BC0095CB91 /* SceneDelegate.swift in Sources */,
				E4B1DB0C27C9F75D00BF5ECF /* NewsCollectionViewDataSource.swift in Sources */,
				E447CD2127B78F6E0095CB91 /* Item.swift in Sources */,
				E447CD1027B7875F0095CB91 /* HomeViewController.swift in Sources */,
				E483804E27BFBF09008C686B /* Identifiers.swift in Sources */,
				E448AB8727D9CC84000DAB15 /* CompactItemCollectionViewCell.swift in Sources */,
				7CB7827127C2724300872546 /* Closures.swift in Sources */,
				E4B0F08F27BCFC3F00965A17 /* HorizontalCollectionViewDataSource.swift in Sources */,
				E447CD2427B7A7A60095CB91 /* UIFont+Default+Rounded.swift in Sources */,
				E4E2366427DA4906001FAED1 /* Parallax.swift in Sources */,
				E4B5189F27D5D41600577909 /* DescriptionTableViewCell.swift in Sources */,
				E4C10DAB27BCCFB7002387DC /* CategoryCollectionViewCell.swift in Sources */,
				E4186DDF27D601DA004E3FA3 /* HeaderTableViewCell.swift in Sources */,
				E4186DDD27D5F7A9004E3FA3 /* SaleTableViewCell.swift in Sources */,
				E48363E627CF2D1C002F5B7B /* TabBarView.swift in Sources */,
				E4186DDB27D5DF3B004E3FA3 /* PurchaseAndOfferTableViewCell.swift in Sources */,
				E4ECCDBA27BE3EDB0050A6CF /* ItemsCollectionViewDataSource.swift in Sources */,
				E4605E2327D47A6E003B1276 /* OwnersAndFavoritesTableViewCell.swift in Sources */,
				E4C10DAD27BCD14F002387DC /* Category.swift in Sources */,
			);
			runOnlyForDeploymentPostprocessing = 0;
		};
/* End PBXSourcesBuildPhase section */

/* Begin PBXVariantGroup section */
		E447CD0327B786BD0095CB91 /* LaunchScreen.storyboard */ = {
			isa = PBXVariantGroup;
			children = (
				E447CD0427B786BD0095CB91 /* Base */,
			);
			name = LaunchScreen.storyboard;
			sourceTree = "<group>";
		};
/* End PBXVariantGroup section */

/* Begin XCBuildConfiguration section */
		E447CD0727B786BD0095CB91 /* Debug */ = {
			isa = XCBuildConfiguration;
			buildSettings = {
				ALWAYS_SEARCH_USER_PATHS = NO;
				CLANG_ANALYZER_NONNULL = YES;
				CLANG_ANALYZER_NUMBER_OBJECT_CONVERSION = YES_AGGRESSIVE;
				CLANG_CXX_LANGUAGE_STANDARD = "gnu++17";
				CLANG_CXX_LIBRARY = "libc++";
				CLANG_ENABLE_MODULES = YES;
				CLANG_ENABLE_OBJC_ARC = YES;
				CLANG_ENABLE_OBJC_WEAK = YES;
				CLANG_WARN_BLOCK_CAPTURE_AUTORELEASING = YES;
				CLANG_WARN_BOOL_CONVERSION = YES;
				CLANG_WARN_COMMA = YES;
				CLANG_WARN_CONSTANT_CONVERSION = YES;
				CLANG_WARN_DEPRECATED_OBJC_IMPLEMENTATIONS = YES;
				CLANG_WARN_DIRECT_OBJC_ISA_USAGE = YES_ERROR;
				CLANG_WARN_DOCUMENTATION_COMMENTS = YES;
				CLANG_WARN_EMPTY_BODY = YES;
				CLANG_WARN_ENUM_CONVERSION = YES;
				CLANG_WARN_INFINITE_RECURSION = YES;
				CLANG_WARN_INT_CONVERSION = YES;
				CLANG_WARN_NON_LITERAL_NULL_CONVERSION = YES;
				CLANG_WARN_OBJC_IMPLICIT_RETAIN_SELF = YES;
				CLANG_WARN_OBJC_LITERAL_CONVERSION = YES;
				CLANG_WARN_OBJC_ROOT_CLASS = YES_ERROR;
				CLANG_WARN_QUOTED_INCLUDE_IN_FRAMEWORK_HEADER = YES;
				CLANG_WARN_RANGE_LOOP_ANALYSIS = YES;
				CLANG_WARN_STRICT_PROTOTYPES = YES;
				CLANG_WARN_SUSPICIOUS_MOVE = YES;
				CLANG_WARN_UNGUARDED_AVAILABILITY = YES_AGGRESSIVE;
				CLANG_WARN_UNREACHABLE_CODE = YES;
				CLANG_WARN__DUPLICATE_METHOD_MATCH = YES;
				COPY_PHASE_STRIP = NO;
				DEBUG_INFORMATION_FORMAT = dwarf;
				ENABLE_STRICT_OBJC_MSGSEND = YES;
				ENABLE_TESTABILITY = YES;
				GCC_C_LANGUAGE_STANDARD = gnu11;
				GCC_DYNAMIC_NO_PIC = NO;
				GCC_NO_COMMON_BLOCKS = YES;
				GCC_OPTIMIZATION_LEVEL = 0;
				GCC_PREPROCESSOR_DEFINITIONS = (
					"DEBUG=1",
					"$(inherited)",
				);
				GCC_WARN_64_TO_32_BIT_CONVERSION = YES;
				GCC_WARN_ABOUT_RETURN_TYPE = YES_ERROR;
				GCC_WARN_UNDECLARED_SELECTOR = YES;
				GCC_WARN_UNINITIALIZED_AUTOS = YES_AGGRESSIVE;
				GCC_WARN_UNUSED_FUNCTION = YES;
				GCC_WARN_UNUSED_VARIABLE = YES;
				IPHONEOS_DEPLOYMENT_TARGET = 15.2;
				MTL_ENABLE_DEBUG_INFO = INCLUDE_SOURCE;
				MTL_FAST_MATH = YES;
				ONLY_ACTIVE_ARCH = YES;
				SDKROOT = iphoneos;
				SWIFT_ACTIVE_COMPILATION_CONDITIONS = DEBUG;
				SWIFT_OPTIMIZATION_LEVEL = "-Onone";
			};
			name = Debug;
		};
		E447CD0827B786BD0095CB91 /* Release */ = {
			isa = XCBuildConfiguration;
			buildSettings = {
				ALWAYS_SEARCH_USER_PATHS = NO;
				CLANG_ANALYZER_NONNULL = YES;
				CLANG_ANALYZER_NUMBER_OBJECT_CONVERSION = YES_AGGRESSIVE;
				CLANG_CXX_LANGUAGE_STANDARD = "gnu++17";
				CLANG_CXX_LIBRARY = "libc++";
				CLANG_ENABLE_MODULES = YES;
				CLANG_ENABLE_OBJC_ARC = YES;
				CLANG_ENABLE_OBJC_WEAK = YES;
				CLANG_WARN_BLOCK_CAPTURE_AUTORELEASING = YES;
				CLANG_WARN_BOOL_CONVERSION = YES;
				CLANG_WARN_COMMA = YES;
				CLANG_WARN_CONSTANT_CONVERSION = YES;
				CLANG_WARN_DEPRECATED_OBJC_IMPLEMENTATIONS = YES;
				CLANG_WARN_DIRECT_OBJC_ISA_USAGE = YES_ERROR;
				CLANG_WARN_DOCUMENTATION_COMMENTS = YES;
				CLANG_WARN_EMPTY_BODY = YES;
				CLANG_WARN_ENUM_CONVERSION = YES;
				CLANG_WARN_INFINITE_RECURSION = YES;
				CLANG_WARN_INT_CONVERSION = YES;
				CLANG_WARN_NON_LITERAL_NULL_CONVERSION = YES;
				CLANG_WARN_OBJC_IMPLICIT_RETAIN_SELF = YES;
				CLANG_WARN_OBJC_LITERAL_CONVERSION = YES;
				CLANG_WARN_OBJC_ROOT_CLASS = YES_ERROR;
				CLANG_WARN_QUOTED_INCLUDE_IN_FRAMEWORK_HEADER = YES;
				CLANG_WARN_RANGE_LOOP_ANALYSIS = YES;
				CLANG_WARN_STRICT_PROTOTYPES = YES;
				CLANG_WARN_SUSPICIOUS_MOVE = YES;
				CLANG_WARN_UNGUARDED_AVAILABILITY = YES_AGGRESSIVE;
				CLANG_WARN_UNREACHABLE_CODE = YES;
				CLANG_WARN__DUPLICATE_METHOD_MATCH = YES;
				COPY_PHASE_STRIP = NO;
				DEBUG_INFORMATION_FORMAT = "dwarf-with-dsym";
				ENABLE_NS_ASSERTIONS = NO;
				ENABLE_STRICT_OBJC_MSGSEND = YES;
				GCC_C_LANGUAGE_STANDARD = gnu11;
				GCC_NO_COMMON_BLOCKS = YES;
				GCC_WARN_64_TO_32_BIT_CONVERSION = YES;
				GCC_WARN_ABOUT_RETURN_TYPE = YES_ERROR;
				GCC_WARN_UNDECLARED_SELECTOR = YES;
				GCC_WARN_UNINITIALIZED_AUTOS = YES_AGGRESSIVE;
				GCC_WARN_UNUSED_FUNCTION = YES;
				GCC_WARN_UNUSED_VARIABLE = YES;
				IPHONEOS_DEPLOYMENT_TARGET = 15.2;
				MTL_ENABLE_DEBUG_INFO = NO;
				MTL_FAST_MATH = YES;
				SDKROOT = iphoneos;
				SWIFT_COMPILATION_MODE = wholemodule;
				SWIFT_OPTIMIZATION_LEVEL = "-O";
				VALIDATE_PRODUCT = YES;
			};
			name = Release;
		};
		E447CD0A27B786BD0095CB91 /* Debug */ = {
			isa = XCBuildConfiguration;
			buildSettings = {
				ASSETCATALOG_COMPILER_APPICON_NAME = AppIcon;
				ASSETCATALOG_COMPILER_GLOBAL_ACCENT_COLOR_NAME = AccentColor;
				CODE_SIGN_STYLE = Automatic;
				CURRENT_PROJECT_VERSION = 1;
				DEVELOPMENT_TEAM = 2D43MDQ38V;
				GENERATE_INFOPLIST_FILE = YES;
				INFOPLIST_FILE = "Meta Ryders/Info.plist";
				INFOPLIST_KEY_UIApplicationSupportsIndirectInputEvents = YES;
				INFOPLIST_KEY_UILaunchStoryboardName = LaunchScreen;
				INFOPLIST_KEY_UISupportedInterfaceOrientations_iPad = "UIInterfaceOrientationPortrait UIInterfaceOrientationPortraitUpsideDown UIInterfaceOrientationLandscapeLeft UIInterfaceOrientationLandscapeRight";
				INFOPLIST_KEY_UISupportedInterfaceOrientations_iPhone = "UIInterfaceOrientationPortrait UIInterfaceOrientationLandscapeLeft UIInterfaceOrientationLandscapeRight";
				LD_RUNPATH_SEARCH_PATHS = (
					"$(inherited)",
					"@executable_path/Frameworks",
				);
				MARKETING_VERSION = 1.0;
				PRODUCT_BUNDLE_IDENTIFIER = "com.mycompany.Meta-Ryders";
				PRODUCT_NAME = "$(TARGET_NAME)";
				SWIFT_EMIT_LOC_STRINGS = YES;
				SWIFT_VERSION = 5.0;
				TARGETED_DEVICE_FAMILY = "1,2";
			};
			name = Debug;
		};
		E447CD0B27B786BD0095CB91 /* Release */ = {
			isa = XCBuildConfiguration;
			buildSettings = {
				ASSETCATALOG_COMPILER_APPICON_NAME = AppIcon;
				ASSETCATALOG_COMPILER_GLOBAL_ACCENT_COLOR_NAME = AccentColor;
				CODE_SIGN_STYLE = Automatic;
				CURRENT_PROJECT_VERSION = 1;
				DEVELOPMENT_TEAM = 2D43MDQ38V;
				GENERATE_INFOPLIST_FILE = YES;
				INFOPLIST_FILE = "Meta Ryders/Info.plist";
				INFOPLIST_KEY_UIApplicationSupportsIndirectInputEvents = YES;
				INFOPLIST_KEY_UILaunchStoryboardName = LaunchScreen;
				INFOPLIST_KEY_UISupportedInterfaceOrientations_iPad = "UIInterfaceOrientationPortrait UIInterfaceOrientationPortraitUpsideDown UIInterfaceOrientationLandscapeLeft UIInterfaceOrientationLandscapeRight";
				INFOPLIST_KEY_UISupportedInterfaceOrientations_iPhone = "UIInterfaceOrientationPortrait UIInterfaceOrientationLandscapeLeft UIInterfaceOrientationLandscapeRight";
				LD_RUNPATH_SEARCH_PATHS = (
					"$(inherited)",
					"@executable_path/Frameworks",
				);
				MARKETING_VERSION = 1.0;
				PRODUCT_BUNDLE_IDENTIFIER = "com.mycompany.Meta-Ryders";
				PRODUCT_NAME = "$(TARGET_NAME)";
				SWIFT_EMIT_LOC_STRINGS = YES;
				SWIFT_VERSION = 5.0;
				TARGETED_DEVICE_FAMILY = "1,2";
			};
			name = Release;
		};
/* End XCBuildConfiguration section */

/* Begin XCConfigurationList section */
		E447CCF027B786BC0095CB91 /* Build configuration list for PBXProject "Meta Ryders" */ = {
			isa = XCConfigurationList;
			buildConfigurations = (
				E447CD0727B786BD0095CB91 /* Debug */,
				E447CD0827B786BD0095CB91 /* Release */,
			);
			defaultConfigurationIsVisible = 0;
			defaultConfigurationName = Release;
		};
		E447CD0927B786BD0095CB91 /* Build configuration list for PBXNativeTarget "Meta Ryders" */ = {
			isa = XCConfigurationList;
			buildConfigurations = (
				E447CD0A27B786BD0095CB91 /* Debug */,
				E447CD0B27B786BD0095CB91 /* Release */,
			);
			defaultConfigurationIsVisible = 0;
			defaultConfigurationName = Release;
		};
/* End XCConfigurationList section */

/* Begin XCRemoteSwiftPackageReference section */
		7CB7826C27C271A000872546 /* XCRemoteSwiftPackageReference "Hero" */ = {
			isa = XCRemoteSwiftPackageReference;
			repositoryURL = "https://github.com/HeroTransitions/Hero.git";
			requirement = {
				kind = upToNextMajorVersion;
				minimumVersion = 1.0.0;
			};
		};
		E447CD1127B788200095CB91 /* XCRemoteSwiftPackageReference "SnapKit" */ = {
			isa = XCRemoteSwiftPackageReference;
			repositoryURL = "https://github.com/SnapKit/SnapKit.git";
			requirement = {
				kind = upToNextMajorVersion;
				minimumVersion = 5.0.0;
			};
		};
		E4D5F34A27D890F300AEBDD1 /* XCRemoteSwiftPackageReference "Charts" */ = {
			isa = XCRemoteSwiftPackageReference;
			repositoryURL = "https://github.com/danielgindi/Charts.git";
			requirement = {
				kind = upToNextMajorVersion;
				minimumVersion = 3.0.0;
			};
		};
/* End XCRemoteSwiftPackageReference section */

/* Begin XCSwiftPackageProductDependency section */
		7CB7826D27C271A000872546 /* Hero */ = {
			isa = XCSwiftPackageProductDependency;
			package = 7CB7826C27C271A000872546 /* XCRemoteSwiftPackageReference "Hero" */;
			productName = Hero;
		};
		E447CD1227B788200095CB91 /* SnapKit */ = {
			isa = XCSwiftPackageProductDependency;
			package = E447CD1127B788200095CB91 /* XCRemoteSwiftPackageReference "SnapKit" */;
			productName = SnapKit;
		};
		E4D5F34B27D890F300AEBDD1 /* Charts */ = {
			isa = XCSwiftPackageProductDependency;
			package = E4D5F34A27D890F300AEBDD1 /* XCRemoteSwiftPackageReference "Charts" */;
			productName = Charts;
		};
/* End XCSwiftPackageProductDependency section */
	};
	rootObject = E447CCED27B786BC0095CB91 /* Project object */;
}
